// !$*UTF8*$!
{
	archiveVersion = 1;
	classes = {
	};
	objectVersion = 46;
	objects = {

/* Begin PBXBuildFile section */
		D62BCB181A68B09E0005256E /* AppDelegate.swift in Sources */ = {isa = PBXBuildFile; fileRef = D62BCB171A68B09E0005256E /* AppDelegate.swift */; };
		D62BCB1A1A68B09E0005256E /* ViewController.swift in Sources */ = {isa = PBXBuildFile; fileRef = D62BCB191A68B09E0005256E /* ViewController.swift */; };
		D62BCB1D1A68B09E0005256E /* Main.storyboard in Resources */ = {isa = PBXBuildFile; fileRef = D62BCB1B1A68B09E0005256E /* Main.storyboard */; };
		D62BCB1F1A68B09E0005256E /* Images.xcassets in Resources */ = {isa = PBXBuildFile; fileRef = D62BCB1E1A68B09E0005256E /* Images.xcassets */; };
		D62BCB221A68B09E0005256E /* LaunchScreen.xib in Resources */ = {isa = PBXBuildFile; fileRef = D62BCB201A68B09E0005256E /* LaunchScreen.xib */; };
		D62BCB2E1A68B09E0005256E /* Postcard_3Tests.swift in Sources */ = {isa = PBXBuildFile; fileRef = D62BCB2D1A68B09E0005256E /* Postcard_3Tests.swift */; };
/* End PBXBuildFile section */

/* Begin PBXContainerItemProxy section */
		D62BCB281A68B09E0005256E /* PBXContainerItemProxy */ = {
			isa = PBXContainerItemProxy;
			containerPortal = D62BCB0A1A68B09E0005256E /* Project object */;
			proxyType = 1;
			remoteGlobalIDString = D62BCB111A68B09E0005256E;
			remoteInfo = "Postcard 3";
		};
/* End PBXContainerItemProxy section */

/* Begin PBXFileReference section */
		D62BCB121A68B09E0005256E /* Postcard 3.app */ = {isa = PBXFileReference; explicitFileType = wrapper.application; includeInIndex = 0; path = "Postcard 3.app"; sourceTree = BUILT_PRODUCTS_DIR; };
		D62BCB161A68B09E0005256E /* Info.plist */ = {isa = PBXFileReference; lastKnownFileType = text.plist.xml; path = Info.plist; sourceTree = "<group>"; };
		D62BCB171A68B09E0005256E /* AppDelegate.swift */ = {isa = PBXFileReference; lastKnownFileType = sourcecode.swift; path = AppDelegate.swift; sourceTree = "<group>"; };
		D62BCB191A68B09E0005256E /* ViewController.swift */ = {isa = PBXFileReference; lastKnownFileType = sourcecode.swift; path = ViewController.swift; sourceTree = "<group>"; };
		D62BCB1C1A68B09E0005256E /* Base */ = {isa = PBXFileReference; lastKnownFileType = file.storyboard; name = Base; path = Base.lproj/Main.storyboard; sourceTree = "<group>"; };
		D62BCB1E1A68B09E0005256E /* Images.xcassets */ = {isa = PBXFileReference; lastKnownFileType = folder.assetcatalog; path = Images.xcassets; sourceTree = "<group>"; };
		D62BCB211A68B09E0005256E /* Base */ = {isa = PBXFileReference; lastKnownFileType = file.xib; name = Base; path = Base.lproj/LaunchScreen.xib; sourceTree = "<group>"; };
		D62BCB271A68B09E0005256E /* Postcard 3Tests.xctest */ = {isa = PBXFileReference; explicitFileType = wrapper.cfbundle; includeInIndex = 0; path = "Postcard 3Tests.xctest"; sourceTree = BUILT_PRODUCTS_DIR; };
		D62BCB2C1A68B09E0005256E /* Info.plist */ = {isa = PBXFileReference; lastKnownFileType = text.plist.xml; path = Info.plist; sourceTree = "<group>"; };
		D62BCB2D1A68B09E0005256E /* Postcard_3Tests.swift */ = {isa = PBXFileReference; lastKnownFileType = sourcecode.swift; path = Postcard_3Tests.swift; sourceTree = "<group>"; };
/* End PBXFileReference section */

/* Begin PBXFrameworksBuildPhase section */
		D62BCB0F1A68B09E0005256E /* Frameworks */ = {
			isa = PBXFrameworksBuildPhase;
			buildActionMask = 2147483647;
			files = (
			);
			runOnlyForDeploymentPostprocessing = 0;
		};
		D62BCB241A68B09E0005256E /* Frameworks */ = {
			isa = PBXFrameworksBuildPhase;
			buildActionMask = 2147483647;
			files = (
			);
			runOnlyForDeploymentPostprocessing = 0;
		};
/* End PBXFrameworksBuildPhase section */

/* Begin PBXGroup section */
		D62BCB091A68B09E0005256E = {
			isa = PBXGroup;
			children = (
				D62BCB141A68B09E0005256E /* Postcard 3 */,
				D62BCB2A1A68B09E0005256E /* Postcard 3Tests */,
				D62BCB131A68B09E0005256E /* Products */,
			);
			sourceTree = "<group>";
		};
		D62BCB131A68B09E0005256E /* Products */ = {
			isa = PBXGroup;
			children = (
				D62BCB121A68B09E0005256E /* Postcard 3.app */,
				D62BCB271A68B09E0005256E /* Postcard 3Tests.xctest */,
			);
			name = Products;
			sourceTree = "<group>";
		};
		D62BCB141A68B09E0005256E /* Postcard 3 */ = {
			isa = PBXGroup;
			children = (
				D62BCB171A68B09E0005256E /* AppDelegate.swift */,
				D62BCB191A68B09E0005256E /* ViewController.swift */,
				D62BCB1B1A68B09E0005256E /* Main.storyboard */,
				D62BCB1E1A68B09E0005256E /* Images.xcassets */,
				D62BCB201A68B09E0005256E /* LaunchScreen.xib */,
				D62BCB151A68B09E0005256E /* Supporting Files */,
			);
			path = "Postcard 3";
			sourceTree = "<group>";
		};
		D62BCB151A68B09E0005256E /* Supporting Files */ = {
			isa = PBXGroup;
			children = (
				D62BCB161A68B09E0005256E /* Info.plist */,
			);
			name = "Supporting Files";
			sourceTree = "<group>";
		};
		D62BCB2A1A68B09E0005256E /* Postcard 3Tests */ = {
			isa = PBXGroup;
			children = (
				D62BCB2D1A68B09E0005256E /* Postcard_3Tests.swift */,
				D62BCB2B1A68B09E0005256E /* Supporting Files */,
			);
			path = "Postcard 3Tests";
			sourceTree = "<group>";
		};
		D62BCB2B1A68B09E0005256E /* Supporting Files */ = {
			isa = PBXGroup;
			children = (
				D62BCB2C1A68B09E0005256E /* Info.plist */,
			);
			name = "Supporting Files";
			sourceTree = "<group>";
		};
/* End PBXGroup section */

/* Begin PBXNativeTarget section */
		D62BCB111A68B09E0005256E /* Postcard 3 */ = {
			isa = PBXNativeTarget;
			buildConfigurationList = D62BCB311A68B09E0005256E /* Build configuration list for PBXNativeTarget "Postcard 3" */;
			buildPhases = (
				D62BCB0E1A68B09E0005256E /* Sources */,
				D62BCB0F1A68B09E0005256E /* Frameworks */,
				D62BCB101A68B09E0005256E /* Resources */,
			);
			buildRules = (
			);
			dependencies = (
			);
			name = "Postcard 3";
			productName = "Postcard 3";
			productReference = D62BCB121A68B09E0005256E /* Postcard 3.app */;
			productType = "com.apple.product-type.application";
		};
		D62BCB261A68B09E0005256E /* Postcard 3Tests */ = {
			isa = PBXNativeTarget;
			buildConfigurationList = D62BCB341A68B09E0005256E /* Build configuration list for PBXNativeTarget "Postcard 3Tests" */;
			buildPhases = (
				D62BCB231A68B09E0005256E /* Sources */,
				D62BCB241A68B09E0005256E /* Frameworks */,
				D62BCB251A68B09E0005256E /* Resources */,
			);
			buildRules = (
			);
			dependencies = (
				D62BCB291A68B09E0005256E /* PBXTargetDependency */,
			);
			name = "Postcard 3Tests";
			productName = "Postcard 3Tests";
			productReference = D62BCB271A68B09E0005256E /* Postcard 3Tests.xctest */;
			productType = "com.apple.product-type.bundle.unit-test";
		};
/* End PBXNativeTarget section */

/* Begin PBXProject section */
		D62BCB0A1A68B09E0005256E /* Project object */ = {
			isa = PBXProject;
			attributes = {
				LastUpgradeCheck = 0610;
				ORGANIZATIONNAME = "Tyson Yen";
				TargetAttributes = {
					D62BCB111A68B09E0005256E = {
						CreatedOnToolsVersion = 6.1.1;
					};
					D62BCB261A68B09E0005256E = {
						CreatedOnToolsVersion = 6.1.1;
						TestTargetID = D62BCB111A68B09E0005256E;
					};
				};
			};
			buildConfigurationList = D62BCB0D1A68B09E0005256E /* Build configuration list for PBXProject "Postcard 3" */;
			compatibilityVersion = "Xcode 3.2";
			developmentRegion = English;
			hasScannedForEncodings = 0;
			knownRegions = (
				en,
				Base,
			);
			mainGroup = D62BCB091A68B09E0005256E;
			productRefGroup = D62BCB131A68B09E0005256E /* Products */;
			projectDirPath = "";
			projectRoot = "";
			targets = (
				D62BCB111A68B09E0005256E /* Postcard 3 */,
				D62BCB261A68B09E0005256E /* Postcard 3Tests */,
			);
		};
/* End PBXProject section */

/* Begin PBXResourcesBuildPhase section */
		D62BCB101A68B09E0005256E /* Resources */ = {
			isa = PBXResourcesBuildPhase;
			buildActionMask = 2147483647;
			files = (
				D62BCB1D1A68B09E0005256E /* Main.storyboard in Resources */,
				D62BCB221A68B09E0005256E /* LaunchScreen.xib in Resources */,
				D62BCB1F1A68B09E0005256E /* Images.xcassets in Resources */,
			);
			runOnlyForDeploymentPostprocessing = 0;
		};
		D62BCB251A68B09E0005256E /* Resources */ = {
			isa = PBXResourcesBuildPhase;
			buildActionMask = 2147483647;
			files = (
			);
			runOnlyForDeploymentPostprocessing = 0;
		};
/* End PBXResourcesBuildPhase section */

/* Begin PBXSourcesBuildPhase section */
		D62BCB0E1A68B09E0005256E /* Sources */ = {
			isa = PBXSourcesBuildPhase;
			buildActionMask = 2147483647;
			files = (
				D62BCB1A1A68B09E0005256E /* ViewController.swift in Sources */,
				D62BCB181A68B09E0005256E /* AppDelegate.swift in Sources */,
			);
			runOnlyForDeploymentPostprocessing = 0;
		};
		D62BCB231A68B09E0005256E /* Sources */ = {
			isa = PBXSourcesBuildPhase;
			buildActionMask = 2147483647;
			files = (
				D62BCB2E1A68B09E0005256E /* Postcard_3Tests.swift in Sources */,
			);
			runOnlyForDeploymentPostprocessing = 0;
		};
/* End PBXSourcesBuildPhase section */

/* Begin PBXTargetDependency section */
		D62BCB291A68B09E0005256E /* PBXTargetDependency */ = {
			isa = PBXTargetDependency;
			target = D62BCB111A68B09E0005256E /* Postcard 3 */;
			targetProxy = D62BCB281A68B09E0005256E /* PBXContainerItemProxy */;
		};
/* End PBXTargetDependency section */

/* Begin PBXVariantGroup section */
		D62BCB1B1A68B09E0005256E /* Main.storyboard */ = {
			isa = PBXVariantGroup;
			children = (
				D62BCB1C1A68B09E0005256E /* Base */,
			);
			name = Main.storyboard;
			sourceTree = "<group>";
		};
		D62BCB201A68B09E0005256E /* LaunchScreen.xib */ = {
			isa = PBXVariantGroup;
			children = (
				D62BCB211A68B09E0005256E /* Base */,
			);
			name = LaunchScreen.xib;
			sourceTree = "<group>";
		};
/* End PBXVariantGroup section */

/* Begin XCBuildConfiguration section */
		D62BCB2F1A68B09E0005256E /* Debug */ = {
			isa = XCBuildConfiguration;
			buildSettings = {
				ALWAYS_SEARCH_USER_PATHS = NO;
				CLANG_CXX_LANGUAGE_STANDARD = "gnu++0x";
				CLANG_CXX_LIBRARY = "libc++";
				CLANG_ENABLE_MODULES = YES;
				CLANG_ENABLE_OBJC_ARC = YES;
				CLANG_WARN_BOOL_CONVERSION = YES;
				CLANG_WARN_CONSTANT_CONVERSION = YES;
				CLANG_WARN_DIRECT_OBJC_ISA_USAGE = YES_ERROR;
				CLANG_WARN_EMPTY_BODY = YES;
				CLANG_WARN_ENUM_CONVERSION = YES;
				CLANG_WARN_INT_CONVERSION = YES;
				CLANG_WARN_OBJC_ROOT_CLASS = YES_ERROR;
				CLANG_WARN_UNREACHABLE_CODE = YES;
				CLANG_WARN__DUPLICATE_METHOD_MATCH = YES;
				"CODE_SIGN_IDENTITY[sdk=iphoneos*]" = "iPhone Developer";
				COPY_PHASE_STRIP = NO;
				ENABLE_STRICT_OBJC_MSGSEND = YES;
				GCC_C_LANGUAGE_STANDARD = gnu99;
				GCC_DYNAMIC_NO_PIC = NO;
				GCC_OPTIMIZATION_LEVEL = 0;
				GCC_PREPROCESSOR_DEFINITIONS = (
					"DEBUG=1",
					"$(inherited)",
				);
				GCC_SYMBOLS_PRIVATE_EXTERN = NO;
				GCC_WARN_64_TO_32_BIT_CONVERSION = YES;
				GCC_WARN_ABOUT_RETURN_TYPE = YES_ERROR;
				GCC_WARN_UNDECLARED_SELECTOR = YES;
				GCC_WARN_UNINITIALIZED_AUTOS = YES_AGGRESSIVE;
				GCC_WARN_UNUSED_FUNCTION = YES;
				GCC_WARN_UNUSED_VARIABLE = YES;
				IPHONEOS_DEPLOYMENT_TARGET = 8.1;
				MTL_ENABLE_DEBUG_INFO = YES;
				ONLY_ACTIVE_ARCH = YES;
				SDKROOT = iphoneos;
				SWIFT_OPTIMIZATION_LEVEL = "-Onone";
				TARGETED_DEVICE_FAMILY = "1,2";
			};
			name = Debug;
		};
		D62BCB301A68B09E0005256E /* Release */ = {
			isa = XCBuildConfiguration;
			buildSettings = {
				ALWAYS_SEARCH_USER_PATHS = NO;
				CLANG_CXX_LANGUAGE_STANDARD = "gnu++0x";
				CLANG_CXX_LIBRARY = "libc++";
				CLANG_ENABLE_MODULES = YES;
				CLANG_ENABLE_OBJC_ARC = YES;
				CLANG_WARN_BOOL_CONVERSION = YES;
				CLANG_WARN_CONSTANT_CONVERSION = YES;
				CLANG_WARN_DIRECT_OBJC_ISA_USAGE = YES_ERROR;
				CLANG_WARN_EMPTY_BODY = YES;
				CLANG_WARN_ENUM_CONVERSION = YES;
				CLANG_WARN_INT_CONVERSION = YES;
				CLANG_WARN_OBJC_ROOT_CLASS = YES_ERROR;
				CLANG_WARN_UNREACHABLE_CODE = YES;
				CLANG_WARN__DUPLICATE_METHOD_MATCH = YES;
				"CODE_SIGN_IDENTITY[sdk=iphoneos*]" = "iPhone Developer";
				COPY_PHASE_STRIP = YES;
				ENABLE_NS_ASSERTIONS = NO;
				ENABLE_STRICT_OBJC_MSGSEND = YES;
				GCC_C_LANGUAGE_STANDARD = gnu99;
				GCC_WARN_64_TO_32_BIT_CONVERSION = YES;
				GCC_WARN_ABOUT_RETURN_TYPE = YES_ERROR;
				GCC_WARN_UNDECLARED_SELECTOR = YES;
				GCC_WARN_UNINITIALIZED_AUTOS = YES_AGGRESSIVE;
				GCC_WARN_UNUSED_FUNCTION = YES;
				GCC_WARN_UNUSED_VARIABLE = YES;
				IPHONEOS_DEPLOYMENT_TARGET = 8.1;
				MTL_ENABLE_DEBUG_INFO = NO;
				SDKROOT = iphoneos;
				TARGETED_DEVICE_FAMILY = "1,2";
				VALIDATE_PRODUCT = YES;
			};
			name = Release;
		};
		D62BCB321A68B09E0005256E /* Debug */ = {
			isa = XCBuildConfiguration;
			buildSettings = {
				ASSETCATALOG_COMPILER_APPICON_NAME = AppIcon;
				INFOPLIST_FILE = "Postcard 3/Info.plist";
				LD_RUNPATH_SEARCH_PATHS = "$(inherited) @executable_path/Frameworks";
				PRODUCT_NAME = "$(TARGET_NAME)";
			};
			name = Debug;
		};
		D62BCB331A68B09E0005256E /* Release */ = {
			isa = XCBuildConfiguration;
			buildSettings = {
				ASSETCATALOG_COMPILER_APPICON_NAME = AppIcon;
				INFOPLIST_FILE = "Postcard 3/Info.plist";
				LD_RUNPATH_SEARCH_PATHS = "$(inherited) @executable_path/Frameworks";
				PRODUCT_NAME = "$(TARGET_NAME)";
			};
			name = Release;
		};
		D62BCB351A68B09E0005256E /* Debug */ = {
			isa = XCBuildConfiguration;
			buildSettings = {
				BUNDLE_LOADER = "$(TEST_HOST)";
				FRAMEWORK_SEARCH_PATHS = (
					"$(SDKROOT)/Developer/Library/Frameworks",
					"$(inherited)",
				);
				GCC_PREPROCESSOR_DEFINITIONS = (
					"DEBUG=1",
					"$(inherited)",
				);
				INFOPLIST_FILE = "Postcard 3Tests/Info.plist";
				LD_RUNPATH_SEARCH_PATHS = "$(inherited) @executable_path/Frameworks @loader_path/Frameworks";
				PRODUCT_NAME = "$(TARGET_NAME)";
				TEST_HOST = "$(BUILT_PRODUCTS_DIR)/Postcard 3.app/Postcard 3";
			};
			name = Debug;
		};
		D62BCB361A68B09E0005256E /* Release */ = {
			isa = XCBuildConfiguration;
			buildSettings = {
				BUNDLE_LOADER = "$(TEST_HOST)";
				FRAMEWORK_SEARCH_PATHS = (
					"$(SDKROOT)/Developer/Library/Frameworks",
					"$(inherited)",
				);
				INFOPLIST_FILE = "Postcard 3Tests/Info.plist";
				LD_RUNPATH_SEARCH_PATHS = "$(inherited) @executable_path/Frameworks @loader_path/Frameworks";
				PRODUCT_NAME = "$(TARGET_NAME)";
				TEST_HOST = "$(BUILT_PRODUCTS_DIR)/Postcard 3.app/Postcard 3";
			};
			name = Release;
		};
/* End XCBuildConfiguration section */

/* Begin XCConfigurationList section */
		D62BCB0D1A68B09E0005256E /* Build configuration list for PBXProject "Postcard 3" */ = {
			isa = XCConfigurationList;
			buildConfigurations = (
				D62BCB2F1A68B09E0005256E /* Debug */,
				D62BCB301A68B09E0005256E /* Release */,
			);
			defaultConfigurationIsVisible = 0;
			defaultConfigurationName = Release;
		};
		D62BCB311A68B09E0005256E /* Build configuration list for PBXNativeTarget "Postcard 3" */ = {
			isa = XCConfigurationList;
			buildConfigurations = (
				D62BCB321A68B09E0005256E /* Debug */,
				D62BCB331A68B09E0005256E /* Release */,
			);
			defaultConfigurationIsVisible = 0;
		};
		D62BCB341A68B09E0005256E /* Build configuration list for PBXNativeTarget "Postcard 3Tests" */ = {
			isa = XCConfigurationList;
			buildConfigurations = (
				D62BCB351A68B09E0005256E /* Debug */,
				D62BCB361A68B09E0005256E /* Release */,
			);
			defaultConfigurationIsVisible = 0;
		};
/* End XCConfigurationList section */
	};
	rootObject = D62BCB0A1A68B09E0005256E /* Project object */;
}
